
Microsoft Visual Studio Solution File, Format Version 12.00
# Visual Studio Version 17
VisualStudioVersion = 17.8.34408.163
MinimumVisualStudioVersion = 10.0.40219.1
Project("{FAE04EC0-301F-11D3-BF4B-00C04F79EFBC}") = "1.OddorEven", "1.OddorEven\1.OddorEven.csproj", "{2E2A8CE1-5BCD-42F3-98CA-7E4000294B1B}"
EndProject
Global
	GlobalSection(SolutionConfigurationPlatforms) = preSolution
		Debug|Any CPU = Debug|Any CPU
		Release|Any CPU = Release|Any CPU
	EndGlobalSection
	GlobalSection(ProjectConfigurationPlatforms) = postSolution
		{2E2A8CE1-5BCD-42F3-98CA-7E4000294B1B}.Debug|Any CPU.ActiveCfg = Debug|Any CPU
		{2E2A8CE1-5BCD-42F3-98CA-7E4000294B1B}.Debug|Any CPU.Build.0 = Debug|Any CPU
		{2E2A8CE1-5BCD-42F3-98CA-7E4000294B1B}.Release|Any CPU.ActiveCfg = Release|Any CPU
		{2E2A8CE1-5BCD-42F3-98CA-7E4000294B1B}.Release|Any CPU.Build.0 = Release|Any CPU
	EndGlobalSection
	GlobalSection(SolutionProperties) = preSolution
		HideSolutionNode = FALSE
	EndGlobalSection
	GlobalSection(ExtensibilityGlobals) = postSolution
		SolutionGuid = {3543DFF4-F307-4D19-A5BF-12AF4AAACF16}
	EndGlobalSection
EndGlobal
